// !$*UTF8*$!
{
	archiveVersion = 1;
	classes = {
	};
	objectVersion = 50;
	objects = {

/* Begin PBXBuildFile section */
		D674115621F9BD71003AA62B /* AppDelegate.swift in Sources */ = {isa = PBXBuildFile; fileRef = D674115521F9BD71003AA62B /* AppDelegate.swift */; };
		D674115821F9BD71003AA62B /* ViewController.swift in Sources */ = {isa = PBXBuildFile; fileRef = D674115721F9BD71003AA62B /* ViewController.swift */; };
		D674115B21F9BD71003AA62B /* Main.storyboard in Resources */ = {isa = PBXBuildFile; fileRef = D674115921F9BD71003AA62B /* Main.storyboard */; };
		D674115D21F9BD73003AA62B /* Assets.xcassets in Resources */ = {isa = PBXBuildFile; fileRef = D674115C21F9BD73003AA62B /* Assets.xcassets */; };
		D674116021F9BD73003AA62B /* LaunchScreen.storyboard in Resources */ = {isa = PBXBuildFile; fileRef = D674115E21F9BD73003AA62B /* LaunchScreen.storyboard */; };
		D674116B21F9BD73003AA62B /* Count_day1Tests.swift in Sources */ = {isa = PBXBuildFile; fileRef = D674116A21F9BD73003AA62B /* Count_day1Tests.swift */; };
		D674117621F9BD73003AA62B /* Count_day1UITests.swift in Sources */ = {isa = PBXBuildFile; fileRef = D674117521F9BD73003AA62B /* Count_day1UITests.swift */; };
/* End PBXBuildFile section */

/* Begin PBXContainerItemProxy section */
		D674116721F9BD73003AA62B /* PBXContainerItemProxy */ = {
			isa = PBXContainerItemProxy;
			containerPortal = D674114A21F9BD70003AA62B /* Project object */;
			proxyType = 1;
			remoteGlobalIDString = D674115121F9BD71003AA62B;
			remoteInfo = Count_day1;
		};
		D674117221F9BD73003AA62B /* PBXContainerItemProxy */ = {
			isa = PBXContainerItemProxy;
			containerPortal = D674114A21F9BD70003AA62B /* Project object */;
			proxyType = 1;
			remoteGlobalIDString = D674115121F9BD71003AA62B;
			remoteInfo = Count_day1;
		};
/* End PBXContainerItemProxy section */

/* Begin PBXFileReference section */
		D674115221F9BD71003AA62B /* Count_day1.app */ = {isa = PBXFileReference; explicitFileType = wrapper.application; includeInIndex = 0; path = Count_day1.app; sourceTree = BUILT_PRODUCTS_DIR; };
		D674115521F9BD71003AA62B /* AppDelegate.swift */ = {isa = PBXFileReference; lastKnownFileType = sourcecode.swift; path = AppDelegate.swift; sourceTree = "<group>"; };
		D674115721F9BD71003AA62B /* ViewController.swift */ = {isa = PBXFileReference; lastKnownFileType = sourcecode.swift; path = ViewController.swift; sourceTree = "<group>"; };
		D674115A21F9BD71003AA62B /* Base */ = {isa = PBXFileReference; lastKnownFileType = file.storyboard; name = Base; path = Base.lproj/Main.storyboard; sourceTree = "<group>"; };
		D674115C21F9BD73003AA62B /* Assets.xcassets */ = {isa = PBXFileReference; lastKnownFileType = folder.assetcatalog; path = Assets.xcassets; sourceTree = "<group>"; };
		D674115F21F9BD73003AA62B /* Base */ = {isa = PBXFileReference; lastKnownFileType = file.storyboard; name = Base; path = Base.lproj/LaunchScreen.storyboard; sourceTree = "<group>"; };
		D674116121F9BD73003AA62B /* Info.plist */ = {isa = PBXFileReference; lastKnownFileType = text.plist.xml; path = Info.plist; sourceTree = "<group>"; };
		D674116621F9BD73003AA62B /* Count_day1Tests.xctest */ = {isa = PBXFileReference; explicitFileType = wrapper.cfbundle; includeInIndex = 0; path = Count_day1Tests.xctest; sourceTree = BUILT_PRODUCTS_DIR; };
		D674116A21F9BD73003AA62B /* Count_day1Tests.swift */ = {isa = PBXFileReference; lastKnownFileType = sourcecode.swift; path = Count_day1Tests.swift; sourceTree = "<group>"; };
		D674116C21F9BD73003AA62B /* Info.plist */ = {isa = PBXFileReference; lastKnownFileType = text.plist.xml; path = Info.plist; sourceTree = "<group>"; };
		D674117121F9BD73003AA62B /* Count_day1UITests.xctest */ = {isa = PBXFileReference; explicitFileType = wrapper.cfbundle; includeInIndex = 0; path = Count_day1UITests.xctest; sourceTree = BUILT_PRODUCTS_DIR; };
		D674117521F9BD73003AA62B /* Count_day1UITests.swift */ = {isa = PBXFileReference; lastKnownFileType = sourcecode.swift; path = Count_day1UITests.swift; sourceTree = "<group>"; };
		D674117721F9BD73003AA62B /* Info.plist */ = {isa = PBXFileReference; lastKnownFileType = text.plist.xml; path = Info.plist; sourceTree = "<group>"; };
/* End PBXFileReference section */

/* Begin PBXFrameworksBuildPhase section */
		D674114F21F9BD71003AA62B /* Frameworks */ = {
			isa = PBXFrameworksBuildPhase;
			buildActionMask = 2147483647;
			files = (
			);
			runOnlyForDeploymentPostprocessing = 0;
		};
		D674116321F9BD73003AA62B /* Frameworks */ = {
			isa = PBXFrameworksBuildPhase;
			buildActionMask = 2147483647;
			files = (
			);
			runOnlyForDeploymentPostprocessing = 0;
		};
		D674116E21F9BD73003AA62B /* Frameworks */ = {
			isa = PBXFrameworksBuildPhase;
			buildActionMask = 2147483647;
			files = (
			);
			runOnlyForDeploymentPostprocessing = 0;
		};
/* End PBXFrameworksBuildPhase section */

/* Begin PBXGroup section */
		D674114921F9BD70003AA62B = {
			isa = PBXGroup;
			children = (
				D674115421F9BD71003AA62B /* Count_day1 */,
				D674116921F9BD73003AA62B /* Count_day1Tests */,
				D674117421F9BD73003AA62B /* Count_day1UITests */,
				D674115321F9BD71003AA62B /* Products */,
			);
			sourceTree = "<group>";
		};
		D674115321F9BD71003AA62B /* Products */ = {
			isa = PBXGroup;
			children = (
				D674115221F9BD71003AA62B /* Count_day1.app */,
				D674116621F9BD73003AA62B /* Count_day1Tests.xctest */,
				D674117121F9BD73003AA62B /* Count_day1UITests.xctest */,
			);
			name = Products;
			sourceTree = "<group>";
		};
		D674115421F9BD71003AA62B /* Count_day1 */ = {
			isa = PBXGroup;
			children = (
				D674115521F9BD71003AA62B /* AppDelegate.swift */,
				D674115721F9BD71003AA62B /* ViewController.swift */,
				D674115921F9BD71003AA62B /* Main.storyboard */,
				D674115C21F9BD73003AA62B /* Assets.xcassets */,
				D674115E21F9BD73003AA62B /* LaunchScreen.storyboard */,
				D674116121F9BD73003AA62B /* Info.plist */,
			);
			path = Count_day1;
			sourceTree = "<group>";
		};
		D674116921F9BD73003AA62B /* Count_day1Tests */ = {
			isa = PBXGroup;
			children = (
				D674116A21F9BD73003AA62B /* Count_day1Tests.swift */,
				D674116C21F9BD73003AA62B /* Info.plist */,
			);
			path = Count_day1Tests;
			sourceTree = "<group>";
		};
		D674117421F9BD73003AA62B /* Count_day1UITests */ = {
			isa = PBXGroup;
			children = (
				D674117521F9BD73003AA62B /* Count_day1UITests.swift */,
				D674117721F9BD73003AA62B /* Info.plist */,
			);
			path = Count_day1UITests;
			sourceTree = "<group>";
		};
/* End PBXGroup section */

/* Begin PBXNativeTarget section */
		D674115121F9BD71003AA62B /* Count_day1 */ = {
			isa = PBXNativeTarget;
			buildConfigurationList = D674117A21F9BD73003AA62B /* Build configuration list for PBXNativeTarget "Count_day1" */;
			buildPhases = (
				D674114E21F9BD71003AA62B /* Sources */,
				D674114F21F9BD71003AA62B /* Frameworks */,
				D674115021F9BD71003AA62B /* Resources */,
			);
			buildRules = (
			);
			dependencies = (
			);
			name = Count_day1;
			productName = Count_day1;
			productReference = D674115221F9BD71003AA62B /* Count_day1.app */;
			productType = "com.apple.product-type.application";
		};
		D674116521F9BD73003AA62B /* Count_day1Tests */ = {
			isa = PBXNativeTarget;
			buildConfigurationList = D674117D21F9BD73003AA62B /* Build configuration list for PBXNativeTarget "Count_day1Tests" */;
			buildPhases = (
				D674116221F9BD73003AA62B /* Sources */,
				D674116321F9BD73003AA62B /* Frameworks */,
				D674116421F9BD73003AA62B /* Resources */,
			);
			buildRules = (
			);
			dependencies = (
				D674116821F9BD73003AA62B /* PBXTargetDependency */,
			);
			name = Count_day1Tests;
			productName = Count_day1Tests;
			productReference = D674116621F9BD73003AA62B /* Count_day1Tests.xctest */;
			productType = "com.apple.product-type.bundle.unit-test";
		};
		D674117021F9BD73003AA62B /* Count_day1UITests */ = {
			isa = PBXNativeTarget;
			buildConfigurationList = D674118021F9BD73003AA62B /* Build configuration list for PBXNativeTarget "Count_day1UITests" */;
			buildPhases = (
				D674116D21F9BD73003AA62B /* Sources */,
				D674116E21F9BD73003AA62B /* Frameworks */,
				D674116F21F9BD73003AA62B /* Resources */,
			);
			buildRules = (
			);
			dependencies = (
				D674117321F9BD73003AA62B /* PBXTargetDependency */,
			);
			name = Count_day1UITests;
			productName = Count_day1UITests;
			productReference = D674117121F9BD73003AA62B /* Count_day1UITests.xctest */;
			productType = "com.apple.product-type.bundle.ui-testing";
		};
/* End PBXNativeTarget section */

/* Begin PBXProject section */
		D674114A21F9BD70003AA62B /* Project object */ = {
			isa = PBXProject;
			attributes = {
				LastSwiftUpdateCheck = 1010;
				LastUpgradeCheck = 1010;
				ORGANIZATIONNAME = juna.Kawagishi;
				TargetAttributes = {
					D674115121F9BD71003AA62B = {
						CreatedOnToolsVersion = 10.1;
					};
					D674116521F9BD73003AA62B = {
						CreatedOnToolsVersion = 10.1;
						TestTargetID = D674115121F9BD71003AA62B;
					};
					D674117021F9BD73003AA62B = {
						CreatedOnToolsVersion = 10.1;
						TestTargetID = D674115121F9BD71003AA62B;
					};
				};
			};
			buildConfigurationList = D674114D21F9BD70003AA62B /* Build configuration list for PBXProject "Count_day1" */;
			compatibilityVersion = "Xcode 9.3";
			developmentRegion = en;
			hasScannedForEncodings = 0;
			knownRegions = (
				en,
				Base,
			);
			mainGroup = D674114921F9BD70003AA62B;
			productRefGroup = D674115321F9BD71003AA62B /* Products */;
			projectDirPath = "";
			projectRoot = "";
			targets = (
				D674115121F9BD71003AA62B /* Count_day1 */,
				D674116521F9BD73003AA62B /* Count_day1Tests */,
				D674117021F9BD73003AA62B /* Count_day1UITests */,
			);
		};
/* End PBXProject section */

/* Begin PBXResourcesBuildPhase section */
		D674115021F9BD71003AA62B /* Resources */ = {
			isa = PBXResourcesBuildPhase;
			buildActionMask = 2147483647;
			files = (
				D674116021F9BD73003AA62B /* LaunchScreen.storyboard in Resources */,
				D674115D21F9BD73003AA62B /* Assets.xcassets in Resources */,
				D674115B21F9BD71003AA62B /* Main.storyboard in Resources */,
			);
			runOnlyForDeploymentPostprocessing = 0;
		};
		D674116421F9BD73003AA62B /* Resources */ = {
			isa = PBXResourcesBuildPhase;
			buildActionMask = 2147483647;
			files = (
			);
			runOnlyForDeploymentPostprocessing = 0;
		};
		D674116F21F9BD73003AA62B /* Resources */ = {
			isa = PBXResourcesBuildPhase;
			buildActionMask = 2147483647;
			files = (
			);
			runOnlyForDeploymentPostprocessing = 0;
		};
/* End PBXResourcesBuildPhase section */

/* Begin PBXSourcesBuildPhase section */
		D674114E21F9BD71003AA62B /* Sources */ = {
			isa = PBXSourcesBuildPhase;
			buildActionMask = 2147483647;
			files = (
				D674115821F9BD71003AA62B /* ViewController.swift in Sources */,
				D674115621F9BD71003AA62B /* AppDelegate.swift in Sources */,
			);
			runOnlyForDeploymentPostprocessing = 0;
		};
		D674116221F9BD73003AA62B /* Sources */ = {
			isa = PBXSourcesBuildPhase;
			buildActionMask = 2147483647;
			files = (
				D674116B21F9BD73003AA62B /* Count_day1Tests.swift in Sources */,
			);
			runOnlyForDeploymentPostprocessing = 0;
		};
		D674116D21F9BD73003AA62B /* Sources */ = {
			isa = PBXSourcesBuildPhase;
			buildActionMask = 2147483647;
			files = (
				D674117621F9BD73003AA62B /* Count_day1UITests.swift in Sources */,
			);
			runOnlyForDeploymentPostprocessing = 0;
		};
/* End PBXSourcesBuildPhase section */

/* Begin PBXTargetDependency section */
		D674116821F9BD73003AA62B /* PBXTargetDependency */ = {
			isa = PBXTargetDependency;
			target = D674115121F9BD71003AA62B /* Count_day1 */;
			targetProxy = D674116721F9BD73003AA62B /* PBXContainerItemProxy */;
		};
		D674117321F9BD73003AA62B /* PBXTargetDependency */ = {
			isa = PBXTargetDependency;
			target = D674115121F9BD71003AA62B /* Count_day1 */;
			targetProxy = D674117221F9BD73003AA62B /* PBXContainerItemProxy */;
		};
/* End PBXTargetDependency section */

/* Begin PBXVariantGroup section */
		D674115921F9BD71003AA62B /* Main.storyboard */ = {
			isa = PBXVariantGroup;
			children = (
				D674115A21F9BD71003AA62B /* Base */,
			);
			name = Main.storyboard;
			sourceTree = "<group>";
		};
		D674115E21F9BD73003AA62B /* LaunchScreen.storyboard */ = {
			isa = PBXVariantGroup;
			children = (
				D674115F21F9BD73003AA62B /* Base */,
			);
			name = LaunchScreen.storyboard;
			sourceTree = "<group>";
		};
/* End PBXVariantGroup section */

/* Begin XCBuildConfiguration section */
		D674117821F9BD73003AA62B /* Debug */ = {
			isa = XCBuildConfiguration;
			buildSettings = {
				ALWAYS_SEARCH_USER_PATHS = NO;
				CLANG_ANALYZER_NONNULL = YES;
				CLANG_ANALYZER_NUMBER_OBJECT_CONVERSION = YES_AGGRESSIVE;
				CLANG_CXX_LANGUAGE_STANDARD = "gnu++14";
				CLANG_CXX_LIBRARY = "libc++";
				CLANG_ENABLE_MODULES = YES;
				CLANG_ENABLE_OBJC_ARC = YES;
				CLANG_ENABLE_OBJC_WEAK = YES;
				CLANG_WARN_BLOCK_CAPTURE_AUTORELEASING = YES;
				CLANG_WARN_BOOL_CONVERSION = YES;
				CLANG_WARN_COMMA = YES;
				CLANG_WARN_CONSTANT_CONVERSION = YES;
				CLANG_WARN_DEPRECATED_OBJC_IMPLEMENTATIONS = YES;
				CLANG_WARN_DIRECT_OBJC_ISA_USAGE = YES_ERROR;
				CLANG_WARN_DOCUMENTATION_COMMENTS = YES;
				CLANG_WARN_EMPTY_BODY = YES;
				CLANG_WARN_ENUM_CONVERSION = YES;
				CLANG_WARN_INFINITE_RECURSION = YES;
				CLANG_WARN_INT_CONVERSION = YES;
				CLANG_WARN_NON_LITERAL_NULL_CONVERSION = YES;
				CLANG_WARN_OBJC_IMPLICIT_RETAIN_SELF = YES;
				CLANG_WARN_OBJC_LITERAL_CONVERSION = YES;
				CLANG_WARN_OBJC_ROOT_CLASS = YES_ERROR;
				CLANG_WARN_RANGE_LOOP_ANALYSIS = YES;
				CLANG_WARN_STRICT_PROTOTYPES = YES;
				CLANG_WARN_SUSPICIOUS_MOVE = YES;
				CLANG_WARN_UNGUARDED_AVAILABILITY = YES_AGGRESSIVE;
				CLANG_WARN_UNREACHABLE_CODE = YES;
				CLANG_WARN__DUPLICATE_METHOD_MATCH = YES;
				CODE_SIGN_IDENTITY = "iPhone Developer";
				COPY_PHASE_STRIP = NO;
				DEBUG_INFORMATION_FORMAT = dwarf;
				ENABLE_STRICT_OBJC_MSGSEND = YES;
				ENABLE_TESTABILITY = YES;
				GCC_C_LANGUAGE_STANDARD = gnu11;
				GCC_DYNAMIC_NO_PIC = NO;
				GCC_NO_COMMON_BLOCKS = YES;
				GCC_OPTIMIZATION_LEVEL = 0;
				GCC_PREPROCESSOR_DEFINITIONS = (
					"DEBUG=1",
					"$(inherited)",
				);
				GCC_WARN_64_TO_32_BIT_CONVERSION = YES;
				GCC_WARN_ABOUT_RETURN_TYPE = YES_ERROR;
				GCC_WARN_UNDECLARED_SELECTOR = YES;
				GCC_WARN_UNINITIALIZED_AUTOS = YES_AGGRESSIVE;
				GCC_WARN_UNUSED_FUNCTION = YES;
				GCC_WARN_UNUSED_VARIABLE = YES;
				IPHONEOS_DEPLOYMENT_TARGET = 12.1;
				MTL_ENABLE_DEBUG_INFO = INCLUDE_SOURCE;
				MTL_FAST_MATH = YES;
				ONLY_ACTIVE_ARCH = YES;
				SDKROOT = iphoneos;
				SWIFT_ACTIVE_COMPILATION_CONDITIONS = DEBUG;
				SWIFT_OPTIMIZATION_LEVEL = "-Onone";
			};
			name = Debug;
		};
		D674117921F9BD73003AA62B /* Release */ = {
			isa = XCBuildConfiguration;
			buildSettings = {
				ALWAYS_SEARCH_USER_PATHS = NO;
				CLANG_ANALYZER_NONNULL = YES;
				CLANG_ANALYZER_NUMBER_OBJECT_CONVERSION = YES_AGGRESSIVE;
				CLANG_CXX_LANGUAGE_STANDARD = "gnu++14";
				CLANG_CXX_LIBRARY = "libc++";
				CLANG_ENABLE_MODULES = YES;
				CLANG_ENABLE_OBJC_ARC = YES;
				CLANG_ENABLE_OBJC_WEAK = YES;
				CLANG_WARN_BLOCK_CAPTURE_AUTORELEASING = YES;
				CLANG_WARN_BOOL_CONVERSION = YES;
				CLANG_WARN_COMMA = YES;
				CLANG_WARN_CONSTANT_CONVERSION = YES;
				CLANG_WARN_DEPRECATED_OBJC_IMPLEMENTATIONS = YES;
				CLANG_WARN_DIRECT_OBJC_ISA_USAGE = YES_ERROR;
				CLANG_WARN_DOCUMENTATION_COMMENTS = YES;
				CLANG_WARN_EMPTY_BODY = YES;
				CLANG_WARN_ENUM_CONVERSION = YES;
				CLANG_WARN_INFINITE_RECURSION = YES;
				CLANG_WARN_INT_CONVERSION = YES;
				CLANG_WARN_NON_LITERAL_NULL_CONVERSION = YES;
				CLANG_WARN_OBJC_IMPLICIT_RETAIN_SELF = YES;
				CLANG_WARN_OBJC_LITERAL_CONVERSION = YES;
				CLANG_WARN_OBJC_ROOT_CLASS = YES_ERROR;
				CLANG_WARN_RANGE_LOOP_ANALYSIS = YES;
				CLANG_WARN_STRICT_PROTOTYPES = YES;
				CLANG_WARN_SUSPICIOUS_MOVE = YES;
				CLANG_WARN_UNGUARDED_AVAILABILITY = YES_AGGRESSIVE;
				CLANG_WARN_UNREACHABLE_CODE = YES;
				CLANG_WARN__DUPLICATE_METHOD_MATCH = YES;
				CODE_SIGN_IDENTITY = "iPhone Developer";
				COPY_PHASE_STRIP = NO;
				DEBUG_INFORMATION_FORMAT = "dwarf-with-dsym";
				ENABLE_NS_ASSERTIONS = NO;
				ENABLE_STRICT_OBJC_MSGSEND = YES;
				GCC_C_LANGUAGE_STANDARD = gnu11;
				GCC_NO_COMMON_BLOCKS = YES;
				GCC_WARN_64_TO_32_BIT_CONVERSION = YES;
				GCC_WARN_ABOUT_RETURN_TYPE = YES_ERROR;
				GCC_WARN_UNDECLARED_SELECTOR = YES;
				GCC_WARN_UNINITIALIZED_AUTOS = YES_AGGRESSIVE;
				GCC_WARN_UNUSED_FUNCTION = YES;
				GCC_WARN_UNUSED_VARIABLE = YES;
				IPHONEOS_DEPLOYMENT_TARGET = 12.1;
				MTL_ENABLE_DEBUG_INFO = NO;
				MTL_FAST_MATH = YES;
				SDKROOT = iphoneos;
				SWIFT_COMPILATION_MODE = wholemodule;
				SWIFT_OPTIMIZATION_LEVEL = "-O";
				VALIDATE_PRODUCT = YES;
			};
			name = Release;
		};
		D674117B21F9BD73003AA62B /* Debug */ = {
			isa = XCBuildConfiguration;
			buildSettings = {
				ASSETCATALOG_COMPILER_APPICON_NAME = AppIcon;
				CODE_SIGN_STYLE = Automatic;
				INFOPLIST_FILE = Count_day1/Info.plist;
				LD_RUNPATH_SEARCH_PATHS = (
					"$(inherited)",
					"@executable_path/Frameworks",
				);
				PRODUCT_BUNDLE_IDENTIFIER = "yunaK.Count-day1";
				PRODUCT_NAME = "$(TARGET_NAME)";
				SWIFT_VERSION = 4.2;
				TARGETED_DEVICE_FAMILY = "1,2";
			};
			name = Debug;
		};
		D674117C21F9BD73003AA62B /* Release */ = {
			isa = XCBuildConfiguration;
			buildSettings = {
				ASSETCATALOG_COMPILER_APPICON_NAME = AppIcon;
				CODE_SIGN_STYLE = Automatic;
				INFOPLIST_FILE = Count_day1/Info.plist;
				LD_RUNPATH_SEARCH_PATHS = (
					"$(inherited)",
					"@executable_path/Frameworks",
				);
				PRODUCT_BUNDLE_IDENTIFIER = "yunaK.Count-day1";
				PRODUCT_NAME = "$(TARGET_NAME)";
				SWIFT_VERSION = 4.2;
				TARGETED_DEVICE_FAMILY = "1,2";
			};
			name = Release;
		};
		D674117E21F9BD73003AA62B /* Debug */ = {
			isa = XCBuildConfiguration;
			buildSettings = {
				ALWAYS_EMBED_SWIFT_STANDARD_LIBRARIES = YES;
				BUNDLE_LOADER = "$(TEST_HOST)";
				CODE_SIGN_STYLE = Automatic;
				INFOPLIST_FILE = Count_day1Tests/Info.plist;
				LD_RUNPATH_SEARCH_PATHS = (
					"$(inherited)",
					"@executable_path/Frameworks",
					"@loader_path/Frameworks",
				);
				PRODUCT_BUNDLE_IDENTIFIER = "yunaK.Count-day1Tests";
				PRODUCT_NAME = "$(TARGET_NAME)";
				SWIFT_VERSION = 4.2;
				TARGETED_DEVICE_FAMILY = "1,2";
				TEST_HOST = "$(BUILT_PRODUCTS_DIR)/Count_day1.app/Count_day1";
			};
			name = Debug;
		};
		D674117F21F9BD73003AA62B /* Release */ = {
			isa = XCBuildConfiguration;
			buildSettings = {
				ALWAYS_EMBED_SWIFT_STANDARD_LIBRARIES = YES;
				BUNDLE_LOADER = "$(TEST_HOST)";
				CODE_SIGN_STYLE = Automatic;
				INFOPLIST_FILE = Count_day1Tests/Info.plist;
				LD_RUNPATH_SEARCH_PATHS = (
					"$(inherited)",
					"@executable_path/Frameworks",
					"@loader_path/Frameworks",
				);
				PRODUCT_BUNDLE_IDENTIFIER = "yunaK.Count-day1Tests";
				PRODUCT_NAME = "$(TARGET_NAME)";
				SWIFT_VERSION = 4.2;
				TARGETED_DEVICE_FAMILY = "1,2";
				TEST_HOST = "$(BUILT_PRODUCTS_DIR)/Count_day1.app/Count_day1";
			};
			name = Release;
		};
		D674118121F9BD73003AA62B /* Debug */ = {
			isa = XCBuildConfiguration;
			buildSettings = {
				ALWAYS_EMBED_SWIFT_STANDARD_LIBRARIES = YES;
				CODE_SIGN_STYLE = Automatic;
				INFOPLIST_FILE = Count_day1UITests/Info.plist;
				LD_RUNPATH_SEARCH_PATHS = (
					"$(inherited)",
					"@executable_path/Frameworks",
					"@loader_path/Frameworks",
				);
				PRODUCT_BUNDLE_IDENTIFIER = "yunaK.Count-day1UITests";
				PRODUCT_NAME = "$(TARGET_NAME)";
				SWIFT_VERSION = 4.2;
				TARGETED_DEVICE_FAMILY = "1,2";
				TEST_TARGET_NAME = Count_day1;
			};
			name = Debug;
		};
		D674118221F9BD73003AA62B /* Release */ = {
			isa = XCBuildConfiguration;
			buildSettings = {
				ALWAYS_EMBED_SWIFT_STANDARD_LIBRARIES = YES;
				CODE_SIGN_STYLE = Automatic;
				INFOPLIST_FILE = Count_day1UITests/Info.plist;
				LD_RUNPATH_SEARCH_PATHS = (
					"$(inherited)",
					"@executable_path/Frameworks",
					"@loader_path/Frameworks",
				);
				PRODUCT_BUNDLE_IDENTIFIER = "yunaK.Count-day1UITests";
				PRODUCT_NAME = "$(TARGET_NAME)";
				SWIFT_VERSION = 4.2;
				TARGETED_DEVICE_FAMILY = "1,2";
				TEST_TARGET_NAME = Count_day1;
			};
			name = Release;
		};
/* End XCBuildConfiguration section */

/* Begin XCConfigurationList section */
		D674114D21F9BD70003AA62B /* Build configuration list for PBXProject "Count_day1" */ = {
			isa = XCConfigurationList;
			buildConfigurations = (
				D674117821F9BD73003AA62B /* Debug */,
				D674117921F9BD73003AA62B /* Release */,
			);
			defaultConfigurationIsVisible = 0;
			defaultConfigurationName = Release;
		};
		D674117A21F9BD73003AA62B /* Build configuration list for PBXNativeTarget "Count_day1" */ = {
			isa = XCConfigurationList;
			buildConfigurations = (
				D674117B21F9BD73003AA62B /* Debug */,
				D674117C21F9BD73003AA62B /* Release */,
			);
			defaultConfigurationIsVisible = 0;
			defaultConfigurationName = Release;
		};
		D674117D21F9BD73003AA62B /* Build configuration list for PBXNativeTarget "Count_day1Tests" */ = {
			isa = XCConfigurationList;
			buildConfigurations = (
				D674117E21F9BD73003AA62B /* Debug */,
				D674117F21F9BD73003AA62B /* Release */,
			);
			defaultConfigurationIsVisible = 0;
			defaultConfigurationName = Release;
		};
		D674118021F9BD73003AA62B /* Build configuration list for PBXNativeTarget "Count_day1UITests" */ = {
			isa = XCConfigurationList;
			buildConfigurations = (
				D674118121F9BD73003AA62B /* Debug */,
				D674118221F9BD73003AA62B /* Release */,
			);
			defaultConfigurationIsVisible = 0;
			defaultConfigurationName = Release;
		};
/* End XCConfigurationList section */
	};
	rootObject = D674114A21F9BD70003AA62B /* Project object */;
}
